
Microsoft Visual Studio Solution File, Format Version 12.00
# Visual Studio 15
VisualStudioVersion = 15.0.28010.2048
MinimumVisualStudioVersion = 10.0.40219.1
Project("{9A19103F-16F7-4668-BE54-9A1E7A4F7556}") = "WebAPI", "WebAPI\WebAPI.csproj", "{DDEF9EF2-A4E0-4F28-8CEF-E8921DB78BEB}"
EndProject
Project("{9A19103F-16F7-4668-BE54-9A1E7A4F7556}") = "Data", "Data\Data.csproj", "{64172993-ED83-4E30-A895-CA4054FF4D87}"
EndProject
Project("{9A19103F-16F7-4668-BE54-9A1E7A4F7556}") = "Repositories", "Repositories\Repositories.csproj", "{BD5901A6-E29D-4237-999D-CCF5AD4B49B3}"
EndProject
Project("{9A19103F-16F7-4668-BE54-9A1E7A4F7556}") = "IdentityServer", "IdentityServer\IdentityServer.csproj", "{51E4A48B-C7D8-440F-B09B-4C91E617C712}"
EndProject
Project("{9A19103F-16F7-4668-BE54-9A1E7A4F7556}") = "DataIdentityServer", "DataIdentityServer\DataIdentityServer.csproj", "{D4249DC4-3E2D-4A8C-B9DE-F53D94BC16CB}"
EndProject
Project("{9A19103F-16F7-4668-BE54-9A1E7A4F7556}") = "Services.IdentityServer", "Services.IdentityServer\Services.IdentityServer.csproj", "{3DAF20AC-488F-471C-8474-F012FA26E41E}"
EndProject
Project("{FAE04EC0-301F-11D3-BF4B-00C04F79EFBC}") = "Repositories.Test", "Repositories.Test\Repositories.Test.csproj", "{1CF39A5E-E6D6-4BE7-9D1E-54B249E7B945}"
EndProject
Global
	GlobalSection(SolutionConfigurationPlatforms) = preSolution
		Debug|Any CPU = Debug|Any CPU
		Release|Any CPU = Release|Any CPU
	EndGlobalSection
	GlobalSection(ProjectConfigurationPlatforms) = postSolution
		{DDEF9EF2-A4E0-4F28-8CEF-E8921DB78BEB}.Debug|Any CPU.ActiveCfg = Debug|Any CPU
		{DDEF9EF2-A4E0-4F28-8CEF-E8921DB78BEB}.Debug|Any CPU.Build.0 = Debug|Any CPU
		{DDEF9EF2-A4E0-4F28-8CEF-E8921DB78BEB}.Release|Any CPU.ActiveCfg = Release|Any CPU
		{DDEF9EF2-A4E0-4F28-8CEF-E8921DB78BEB}.Release|Any CPU.Build.0 = Release|Any CPU
		{64172993-ED83-4E30-A895-CA4054FF4D87}.Debug|Any CPU.ActiveCfg = Debug|Any CPU
		{64172993-ED83-4E30-A895-CA4054FF4D87}.Debug|Any CPU.Build.0 = Debug|Any CPU
		{64172993-ED83-4E30-A895-CA4054FF4D87}.Release|Any CPU.ActiveCfg = Release|Any CPU
		{64172993-ED83-4E30-A895-CA4054FF4D87}.Release|Any CPU.Build.0 = Release|Any CPU
		{BD5901A6-E29D-4237-999D-CCF5AD4B49B3}.Debug|Any CPU.ActiveCfg = Debug|Any CPU
		{BD5901A6-E29D-4237-999D-CCF5AD4B49B3}.Debug|Any CPU.Build.0 = Debug|Any CPU
		{BD5901A6-E29D-4237-999D-CCF5AD4B49B3}.Release|Any CPU.ActiveCfg = Release|Any CPU
		{BD5901A6-E29D-4237-999D-CCF5AD4B49B3}.Release|Any CPU.Build.0 = Release|Any CPU
		{51E4A48B-C7D8-440F-B09B-4C91E617C712}.Debug|Any CPU.ActiveCfg = Debug|Any CPU
		{51E4A48B-C7D8-440F-B09B-4C91E617C712}.Debug|Any CPU.Build.0 = Debug|Any CPU
		{51E4A48B-C7D8-440F-B09B-4C91E617C712}.Release|Any CPU.ActiveCfg = Release|Any CPU
		{51E4A48B-C7D8-440F-B09B-4C91E617C712}.Release|Any CPU.Build.0 = Release|Any CPU
		{D4249DC4-3E2D-4A8C-B9DE-F53D94BC16CB}.Debug|Any CPU.ActiveCfg = Debug|Any CPU
		{D4249DC4-3E2D-4A8C-B9DE-F53D94BC16CB}.Debug|Any CPU.Build.0 = Debug|Any CPU
		{D4249DC4-3E2D-4A8C-B9DE-F53D94BC16CB}.Release|Any CPU.ActiveCfg = Release|Any CPU
		{D4249DC4-3E2D-4A8C-B9DE-F53D94BC16CB}.Release|Any CPU.Build.0 = Release|Any CPU
		{3DAF20AC-488F-471C-8474-F012FA26E41E}.Debug|Any CPU.ActiveCfg = Debug|Any CPU
		{3DAF20AC-488F-471C-8474-F012FA26E41E}.Debug|Any CPU.Build.0 = Debug|Any CPU
		{3DAF20AC-488F-471C-8474-F012FA26E41E}.Release|Any CPU.ActiveCfg = Release|Any CPU
		{3DAF20AC-488F-471C-8474-F012FA26E41E}.Release|Any CPU.Build.0 = Release|Any CPU
		{1CF39A5E-E6D6-4BE7-9D1E-54B249E7B945}.Debug|Any CPU.ActiveCfg = Debug|Any CPU
		{1CF39A5E-E6D6-4BE7-9D1E-54B249E7B945}.Debug|Any CPU.Build.0 = Debug|Any CPU
		{1CF39A5E-E6D6-4BE7-9D1E-54B249E7B945}.Release|Any CPU.ActiveCfg = Release|Any CPU
		{1CF39A5E-E6D6-4BE7-9D1E-54B249E7B945}.Release|Any CPU.Build.0 = Release|Any CPU
	EndGlobalSection
	GlobalSection(SolutionProperties) = preSolution
		HideSolutionNode = FALSE
	EndGlobalSection
	GlobalSection(ExtensibilityGlobals) = postSolution
		SolutionGuid = {358355CC-749A-4624-AE62-98706718DB7A}
	EndGlobalSection
EndGlobal
